<?xml version="1.0" encoding="utf-8"?>
<Project ToolsVersion="4.0" xmlns="http://schemas.microsoft.com/developer/msbuild/2003">
  <ItemGroup>
    <Filter Include="Classes">
      <UniqueIdentifier>{cb0ec9f4-4aad-419f-8357-455859623305}</UniqueIdentifier>
    </Filter>
    <Filter Include="resources">
      <UniqueIdentifier>{67DA6AB6-F800-4c08-8B7A-83BB121AAD01}</UniqueIdentifier>
      <Extensions>rc;ico;cur;bmp;dlg;rc2;rct;bin;rgs;gif;jpg;jpeg;jpe;resx;tiff;tif;png;wav;mfcribbon-ms</Extensions>
    </Filter>
    <Filter Include="resources\graphics">
      <UniqueIdentifier>{efb34fb0-d89d-457f-b776-f1f78f390298}</UniqueIdentifier>
    </Filter>
    <Filter Include="resources\sounds">
      <UniqueIdentifier>{37b3c231-1b0d-4bc4-a0a8-590210406264}</UniqueIdentifier>
    </Filter>
    <Filter Include="Classes\common">
      <UniqueIdentifier>{534a12e7-cd97-4297-a76d-5fb938df0c5c}</UniqueIdentifier>
    </Filter>
    <Filter Include="Classes\fps">
      <UniqueIdentifier>{b9c672b2-15d0-471b-8691-de04dc984c6f}</UniqueIdentifier>
    </Filter>
  </ItemGroup>
  <ItemGroup>
    <None Include="resources\graphic\0.png">
      <Filter>resources\graphics</Filter>
    </None>
    <None Include="resources\graphic\1.png">
      <Filter>resources\graphics</Filter>
    </None>
    <None Include="resources\graphic\2.png">
      <Filter>resources\graphics</Filter>
    </None>
    <None Include="resources\graphic\3.png">
      <Filter>resources\graphics</Filter>
    </None>
    <None Include="resources\graphic\4.png">
      <Filter>resources\graphics</Filter>
    </None>
    <None Include="resources\graphic\5.png">
      <Filter>resources\graphics</Filter>
    </None>
    <None Include="resources\graphic\6.png">
      <Filter>resources\graphics</Filter>
    </None>
    <None Include="resources\graphic\7.png">
      <Filter>resources\graphics</Filter>
    </None>
    <None Include="resources\graphic\11.png">
      <Filter>resources\graphics</Filter>
    </None>
    <None Include="resources\graphic\12.png">
      <Filter>resources\graphics</Filter>
    </None>
    <None Include="resources\graphic\13.png">
      <Filter>resources\graphics</Filter>
    </None>
    <None Include="resources\graphic\14.png">
      <Filter>resources\graphics</Filter>
    </None>
    <None Include="resources\graphic\15.png">
      <Filter>resources\graphics</Filter>
    </None>
    <None Include="resources\graphic\16.png">
      <Filter>resources\graphics</Filter>
    </None>
    <None Include="resources\graphic\17.png">
      <Filter>resources\graphics</Filter>
    </None>
    <None Include="resources\graphic\18.png">
      <Filter>resources\graphics</Filter>
    </None>
    <None Include="resources\graphic\19.png">
      <Filter>resources\graphics</Filter>
    </None>
    <None Include="resources\graphic\20.png">
      <Filter>resources\graphics</Filter>
    </None>
    <None Include="resources\graphic\21.png">
      <Filter>resources\graphics</Filter>
    </None>
    <None Include="resources\graphic\22.png">
      <Filter>resources\graphics</Filter>
    </None>
    <None Include="resources\graphic\23.png">
      <Filter>resources\graphics</Filter>
    </None>
    <None Include="resources\graphic\24.png">
      <Filter>resources\graphics</Filter>
    </None>
    <None Include="resources\graphic\25.png">
      <Filter>resources\graphics</Filter>
    </None>
    <None Include="resources\graphic\26.png">
      <Filter>resources\graphics</Filter>
    </None>
    <None Include="resources\graphic\27.png">
      <Filter>resources\graphics</Filter>
    </None>
    <None Include="resources\graphic\28.png">
      <Filter>resources\graphics</Filter>
    </None>
    <None Include="resources\graphic\29.png">
      <Filter>resources\graphics</Filter>
    </None>
    <None Include="resources\graphic\30.png">
      <Filter>resources\graphics</Filter>
    </None>
    <None Include="resources\graphic\31.png">
      <Filter>resources\graphics</Filter>
    </None>
    <None Include="resources\graphic\32.png">
      <Filter>resources\graphics</Filter>
    </None>
    <None Include="resources\graphic\33.png">
      <Filter>resources\graphics</Filter>
    </None>
    <None Include="resources\graphic\34.png">
      <Filter>resources\graphics</Filter>
    </None>
    <None Include="resources\graphic\35.png">
      <Filter>resources\graphics</Filter>
    </None>
    <None Include="resources\graphic\36.png">
      <Filter>resources\graphics</Filter>
    </None>
    <None Include="resources\graphic\37.png">
      <Filter>resources\graphics</Filter>
    </None>
    <None Include="resources\graphic\baphomet.png">
      <Filter>resources\graphics</Filter>
    </None>
    <None Include="resources\graphic\black.png">
      <Filter>resources\graphics</Filter>
    </None>
    <None Include="resources\graphic\enemy.png">
      <Filter>resources\graphics</Filter>
    </None>
    <None Include="resources\graphic\enemy_right.png">
      <Filter>resources\graphics</Filter>
    </None>
    <None Include="resources\graphic\hellgate.png">
      <Filter>resources\graphics</Filter>
    </None>
    <None Include="resources\graphic\menue_big_window.png">
      <Filter>resources\graphics</Filter>
    </None>
    <None Include="resources\graphic\menue_down.png">
      <Filter>resources\graphics</Filter>
    </None>
    <None Include="resources\graphic\menue_top.png">
      <Filter>resources\graphics</Filter>
    </None>
    <None Include="resources\graphic\menue_window.png">
      <Filter>resources\graphics</Filter>
    </None>
    <None Include="resources\graphic\menue_ya.png">
      <Filter>resources\graphics</Filter>
    </None>
    <None Include="resources\graphic\player.png">
      <Filter>resources\graphics</Filter>
    </None>
    <None Include="resources\graphic\player_dmg.png">
      <Filter>resources\graphics</Filter>
    </None>
    <None Include="resources\graphic\prologue_end.png">
      <Filter>resources\graphics</Filter>
    </None>
    <None Include="resources\graphic\star.png">
      <Filter>resources\graphics</Filter>
    </None>
    <None Include="resources\graphic\title.png">
      <Filter>resources\graphics</Filter>
    </None>
    <None Include="resources\sound\game_main.mp3">
      <Filter>resources\sounds</Filter>
    </None>
  </ItemGroup>
  <ItemGroup>
    <ClCompile Include="classes\fps\fps.cpp">
      <Filter>Classes\fps</Filter>
    </ClCompile>
    <ClCompile Include="classes\game_main.cpp">
      <Filter>Classes</Filter>
    </ClCompile>
    <ClCompile Include="classes\gameLayer.cpp">
      <Filter>Classes</Filter>
    </ClCompile>
    <ClCompile Include="classes\sprite.cpp">
      <Filter>Classes</Filter>
    </ClCompile>
  </ItemGroup>
  <ItemGroup>
    <ClInclude Include="classes\common\resourcesCommon.h">
      <Filter>Classes\common</Filter>
    </ClInclude>
    <ClInclude Include="classes\fps\fps.h">
      <Filter>Classes\fps</Filter>
    </ClInclude>
    <ClInclude Include="classes\game_main.h">
      <Filter>Classes</Filter>
    </ClInclude>
    <ClInclude Include="classes\gameLayer.h">
      <Filter>Classes</Filter>
    </ClInclude>
    <ClInclude Include="classes\sprite.h">
      <Filter>Classes</Filter>
    </ClInclude>
  </ItemGroup>
</Project>